
Microsoft Visual Studio Solution File, Format Version 12.00
# Visual Studio Version 17
VisualStudioVersion = 17.6.33815.320
MinimumVisualStudioVersion = 10.0.40219.1
Project("{2150E333-8FDC-42A3-9474-1A3956D46DE8}") = "src", "src", "{0FD4CAC1-4DF4-4E37-A1E9-522DCCF03213}"
EndProject
Project("{2150E333-8FDC-42A3-9474-1A3956D46DE8}") = "Core", "Core", "{D7CBCD77-F5CF-4EC0-83FD-6C845692B1BA}"
EndProject
Project("{2150E333-8FDC-42A3-9474-1A3956D46DE8}") = "EndPoint", "EndPoint", "{ABE8D7BF-4F9D-4C82-9493-33D2C4A79729}"
EndProject
Project("{2150E333-8FDC-42A3-9474-1A3956D46DE8}") = "Infrastructure", "Infrastructure", "{0BC6A81F-5A01-4348-8E6B-E9CCCE3607A0}"
EndProject
Project("{FAE04EC0-301F-11D3-BF4B-00C04F79EFBC}") = "UserManagement", "src\EndPoint\UserManagement\UserManagement.csproj", "{1BD2089D-D345-45CE-965D-ED6527F5DF6B}"
EndProject
Project("{FAE04EC0-301F-11D3-BF4B-00C04F79EFBC}") = "Application", "src\Core\Application\Application.csproj", "{776503EE-FB33-4D72-BE9B-76E56B439084}"
EndProject
Project("{FAE04EC0-301F-11D3-BF4B-00C04F79EFBC}") = "Common", "src\Core\Common\Common.csproj", "{FF948768-96FB-4C6C-B32A-5EF4A0D1289D}"
EndProject
Project("{FAE04EC0-301F-11D3-BF4B-00C04F79EFBC}") = "Domain", "src\Core\Domain\Domain.csproj", "{70B60E42-00E0-4169-BFC8-FD18FE3AEFE1}"
EndProject
Project("{FAE04EC0-301F-11D3-BF4B-00C04F79EFBC}") = "Context", "src\Infrastructure\Context\Context.csproj", "{1F0A2476-3698-4CE3-8F56-618BD73B5D0A}"
EndProject
Project("{FAE04EC0-301F-11D3-BF4B-00C04F79EFBC}") = "Repository", "src\Infrastructure\Repository\Repository.csproj", "{A76A6109-3E37-472F-A61A-65C66338AABA}"
EndProject
Project("{FAE04EC0-301F-11D3-BF4B-00C04F79EFBC}") = "Service", "src\Infrastructure\Service\Service.csproj", "{642A41DE-CD7D-4AA6-9F75-56F4E231FF29}"
EndProject
Global
	GlobalSection(SolutionConfigurationPlatforms) = preSolution
		Debug|Any CPU = Debug|Any CPU
		Release|Any CPU = Release|Any CPU
	EndGlobalSection
	GlobalSection(ProjectConfigurationPlatforms) = postSolution
		{1BD2089D-D345-45CE-965D-ED6527F5DF6B}.Debug|Any CPU.ActiveCfg = Debug|Any CPU
		{1BD2089D-D345-45CE-965D-ED6527F5DF6B}.Debug|Any CPU.Build.0 = Debug|Any CPU
		{1BD2089D-D345-45CE-965D-ED6527F5DF6B}.Release|Any CPU.ActiveCfg = Release|Any CPU
		{1BD2089D-D345-45CE-965D-ED6527F5DF6B}.Release|Any CPU.Build.0 = Release|Any CPU
		{776503EE-FB33-4D72-BE9B-76E56B439084}.Debug|Any CPU.ActiveCfg = Debug|Any CPU
		{776503EE-FB33-4D72-BE9B-76E56B439084}.Debug|Any CPU.Build.0 = Debug|Any CPU
		{776503EE-FB33-4D72-BE9B-76E56B439084}.Release|Any CPU.ActiveCfg = Release|Any CPU
		{776503EE-FB33-4D72-BE9B-76E56B439084}.Release|Any CPU.Build.0 = Release|Any CPU
		{FF948768-96FB-4C6C-B32A-5EF4A0D1289D}.Debug|Any CPU.ActiveCfg = Debug|Any CPU
		{FF948768-96FB-4C6C-B32A-5EF4A0D1289D}.Debug|Any CPU.Build.0 = Debug|Any CPU
		{FF948768-96FB-4C6C-B32A-5EF4A0D1289D}.Release|Any CPU.ActiveCfg = Release|Any CPU
		{FF948768-96FB-4C6C-B32A-5EF4A0D1289D}.Release|Any CPU.Build.0 = Release|Any CPU
		{70B60E42-00E0-4169-BFC8-FD18FE3AEFE1}.Debug|Any CPU.ActiveCfg = Debug|Any CPU
		{70B60E42-00E0-4169-BFC8-FD18FE3AEFE1}.Debug|Any CPU.Build.0 = Debug|Any CPU
		{70B60E42-00E0-4169-BFC8-FD18FE3AEFE1}.Release|Any CPU.ActiveCfg = Release|Any CPU
		{70B60E42-00E0-4169-BFC8-FD18FE3AEFE1}.Release|Any CPU.Build.0 = Release|Any CPU
		{1F0A2476-3698-4CE3-8F56-618BD73B5D0A}.Debug|Any CPU.ActiveCfg = Debug|Any CPU
		{1F0A2476-3698-4CE3-8F56-618BD73B5D0A}.Debug|Any CPU.Build.0 = Debug|Any CPU
		{1F0A2476-3698-4CE3-8F56-618BD73B5D0A}.Release|Any CPU.ActiveCfg = Release|Any CPU
		{1F0A2476-3698-4CE3-8F56-618BD73B5D0A}.Release|Any CPU.Build.0 = Release|Any CPU
		{A76A6109-3E37-472F-A61A-65C66338AABA}.Debug|Any CPU.ActiveCfg = Debug|Any CPU
		{A76A6109-3E37-472F-A61A-65C66338AABA}.Debug|Any CPU.Build.0 = Debug|Any CPU
		{A76A6109-3E37-472F-A61A-65C66338AABA}.Release|Any CPU.ActiveCfg = Release|Any CPU
		{A76A6109-3E37-472F-A61A-65C66338AABA}.Release|Any CPU.Build.0 = Release|Any CPU
		{642A41DE-CD7D-4AA6-9F75-56F4E231FF29}.Debug|Any CPU.ActiveCfg = Debug|Any CPU
		{642A41DE-CD7D-4AA6-9F75-56F4E231FF29}.Debug|Any CPU.Build.0 = Debug|Any CPU
		{642A41DE-CD7D-4AA6-9F75-56F4E231FF29}.Release|Any CPU.ActiveCfg = Release|Any CPU
		{642A41DE-CD7D-4AA6-9F75-56F4E231FF29}.Release|Any CPU.Build.0 = Release|Any CPU
	EndGlobalSection
	GlobalSection(SolutionProperties) = preSolution
		HideSolutionNode = FALSE
	EndGlobalSection
	GlobalSection(NestedProjects) = preSolution
		{D7CBCD77-F5CF-4EC0-83FD-6C845692B1BA} = {0FD4CAC1-4DF4-4E37-A1E9-522DCCF03213}
		{ABE8D7BF-4F9D-4C82-9493-33D2C4A79729} = {0FD4CAC1-4DF4-4E37-A1E9-522DCCF03213}
		{0BC6A81F-5A01-4348-8E6B-E9CCCE3607A0} = {0FD4CAC1-4DF4-4E37-A1E9-522DCCF03213}
		{1BD2089D-D345-45CE-965D-ED6527F5DF6B} = {ABE8D7BF-4F9D-4C82-9493-33D2C4A79729}
		{776503EE-FB33-4D72-BE9B-76E56B439084} = {D7CBCD77-F5CF-4EC0-83FD-6C845692B1BA}
		{FF948768-96FB-4C6C-B32A-5EF4A0D1289D} = {D7CBCD77-F5CF-4EC0-83FD-6C845692B1BA}
		{70B60E42-00E0-4169-BFC8-FD18FE3AEFE1} = {D7CBCD77-F5CF-4EC0-83FD-6C845692B1BA}
		{1F0A2476-3698-4CE3-8F56-618BD73B5D0A} = {0BC6A81F-5A01-4348-8E6B-E9CCCE3607A0}
		{A76A6109-3E37-472F-A61A-65C66338AABA} = {0BC6A81F-5A01-4348-8E6B-E9CCCE3607A0}
		{642A41DE-CD7D-4AA6-9F75-56F4E231FF29} = {0BC6A81F-5A01-4348-8E6B-E9CCCE3607A0}
	EndGlobalSection
	GlobalSection(ExtensibilityGlobals) = postSolution
		SolutionGuid = {A90A7F26-9266-41AF-A70A-4D7E93272B6D}
	EndGlobalSection
EndGlobal
